// !$*UTF8*$!
{
	archiveVersion = 1;
	classes = {
	};
	objectVersion = 48;
	objects = {

/* Begin PBXBuildFile section */
		3B140C1A2071DA5D00ED2A67 /* AppDelegate.swift in Sources */ = {isa = PBXBuildFile; fileRef = 3B140C192071DA5D00ED2A67 /* AppDelegate.swift */; };
		3B140C1C2071DA5D00ED2A67 /* ViewController.swift in Sources */ = {isa = PBXBuildFile; fileRef = 3B140C1B2071DA5D00ED2A67 /* ViewController.swift */; };
		3B140C1F2071DA5D00ED2A67 /* Main.storyboard in Resources */ = {isa = PBXBuildFile; fileRef = 3B140C1D2071DA5D00ED2A67 /* Main.storyboard */; };
		3B140C212071DA5D00ED2A67 /* Assets.xcassets in Resources */ = {isa = PBXBuildFile; fileRef = 3B140C202071DA5D00ED2A67 /* Assets.xcassets */; };
		3B140C242071DA5D00ED2A67 /* LaunchScreen.storyboard in Resources */ = {isa = PBXBuildFile; fileRef = 3B140C222071DA5D00ED2A67 /* LaunchScreen.storyboard */; };
		3B140C2F2071DA5D00ED2A67 /* Chain_AnimationTests.swift in Sources */ = {isa = PBXBuildFile; fileRef = 3B140C2E2071DA5D00ED2A67 /* Chain_AnimationTests.swift */; };
		3B140C3A2071DA5E00ED2A67 /* Chain_AnimationUITests.swift in Sources */ = {isa = PBXBuildFile; fileRef = 3B140C392071DA5E00ED2A67 /* Chain_AnimationUITests.swift */; };
/* End PBXBuildFile section */

/* Begin PBXContainerItemProxy section */
		3B140C2B2071DA5D00ED2A67 /* PBXContainerItemProxy */ = {
			isa = PBXContainerItemProxy;
			containerPortal = 3B140C0E2071DA5D00ED2A67 /* Project object */;
			proxyType = 1;
			remoteGlobalIDString = 3B140C152071DA5D00ED2A67;
			remoteInfo = "Chain Animation";
		};
		3B140C362071DA5D00ED2A67 /* PBXContainerItemProxy */ = {
			isa = PBXContainerItemProxy;
			containerPortal = 3B140C0E2071DA5D00ED2A67 /* Project object */;
			proxyType = 1;
			remoteGlobalIDString = 3B140C152071DA5D00ED2A67;
			remoteInfo = "Chain Animation";
		};
/* End PBXContainerItemProxy section */

/* Begin PBXFileReference section */
		3B140C162071DA5D00ED2A67 /* Chain Animation.app */ = {isa = PBXFileReference; explicitFileType = wrapper.application; includeInIndex = 0; path = "Chain Animation.app"; sourceTree = BUILT_PRODUCTS_DIR; };
		3B140C192071DA5D00ED2A67 /* AppDelegate.swift */ = {isa = PBXFileReference; lastKnownFileType = sourcecode.swift; path = AppDelegate.swift; sourceTree = "<group>"; };
		3B140C1B2071DA5D00ED2A67 /* ViewController.swift */ = {isa = PBXFileReference; lastKnownFileType = sourcecode.swift; path = ViewController.swift; sourceTree = "<group>"; };
		3B140C1E2071DA5D00ED2A67 /* Base */ = {isa = PBXFileReference; lastKnownFileType = file.storyboard; name = Base; path = Base.lproj/Main.storyboard; sourceTree = "<group>"; };
		3B140C202071DA5D00ED2A67 /* Assets.xcassets */ = {isa = PBXFileReference; lastKnownFileType = folder.assetcatalog; path = Assets.xcassets; sourceTree = "<group>"; };
		3B140C232071DA5D00ED2A67 /* Base */ = {isa = PBXFileReference; lastKnownFileType = file.storyboard; name = Base; path = Base.lproj/LaunchScreen.storyboard; sourceTree = "<group>"; };
		3B140C252071DA5D00ED2A67 /* Info.plist */ = {isa = PBXFileReference; lastKnownFileType = text.plist.xml; path = Info.plist; sourceTree = "<group>"; };
		3B140C2A2071DA5D00ED2A67 /* Chain AnimationTests.xctest */ = {isa = PBXFileReference; explicitFileType = wrapper.cfbundle; includeInIndex = 0; path = "Chain AnimationTests.xctest"; sourceTree = BUILT_PRODUCTS_DIR; };
		3B140C2E2071DA5D00ED2A67 /* Chain_AnimationTests.swift */ = {isa = PBXFileReference; lastKnownFileType = sourcecode.swift; path = Chain_AnimationTests.swift; sourceTree = "<group>"; };
		3B140C302071DA5D00ED2A67 /* Info.plist */ = {isa = PBXFileReference; lastKnownFileType = text.plist.xml; path = Info.plist; sourceTree = "<group>"; };
		3B140C352071DA5D00ED2A67 /* Chain AnimationUITests.xctest */ = {isa = PBXFileReference; explicitFileType = wrapper.cfbundle; includeInIndex = 0; path = "Chain AnimationUITests.xctest"; sourceTree = BUILT_PRODUCTS_DIR; };
		3B140C392071DA5E00ED2A67 /* Chain_AnimationUITests.swift */ = {isa = PBXFileReference; lastKnownFileType = sourcecode.swift; path = Chain_AnimationUITests.swift; sourceTree = "<group>"; };
		3B140C3B2071DA5E00ED2A67 /* Info.plist */ = {isa = PBXFileReference; lastKnownFileType = text.plist.xml; path = Info.plist; sourceTree = "<group>"; };
/* End PBXFileReference section */

/* Begin PBXFrameworksBuildPhase section */
		3B140C132071DA5D00ED2A67 /* Frameworks */ = {
			isa = PBXFrameworksBuildPhase;
			buildActionMask = 2147483647;
			files = (
			);
			runOnlyForDeploymentPostprocessing = 0;
		};
		3B140C272071DA5D00ED2A67 /* Frameworks */ = {
			isa = PBXFrameworksBuildPhase;
			buildActionMask = 2147483647;
			files = (
			);
			runOnlyForDeploymentPostprocessing = 0;
		};
		3B140C322071DA5D00ED2A67 /* Frameworks */ = {
			isa = PBXFrameworksBuildPhase;
			buildActionMask = 2147483647;
			files = (
			);
			runOnlyForDeploymentPostprocessing = 0;
		};
/* End PBXFrameworksBuildPhase section */

/* Begin PBXGroup section */
		3B140C0D2071DA5D00ED2A67 = {
			isa = PBXGroup;
			children = (
				3B140C182071DA5D00ED2A67 /* Chain Animation */,
				3B140C2D2071DA5D00ED2A67 /* Chain AnimationTests */,
				3B140C382071DA5E00ED2A67 /* Chain AnimationUITests */,
				3B140C172071DA5D00ED2A67 /* Products */,
			);
			sourceTree = "<group>";
		};
		3B140C172071DA5D00ED2A67 /* Products */ = {
			isa = PBXGroup;
			children = (
				3B140C162071DA5D00ED2A67 /* Chain Animation.app */,
				3B140C2A2071DA5D00ED2A67 /* Chain AnimationTests.xctest */,
				3B140C352071DA5D00ED2A67 /* Chain AnimationUITests.xctest */,
			);
			name = Products;
			sourceTree = "<group>";
		};
		3B140C182071DA5D00ED2A67 /* Chain Animation */ = {
			isa = PBXGroup;
			children = (
				3B140C192071DA5D00ED2A67 /* AppDelegate.swift */,
				3B140C1B2071DA5D00ED2A67 /* ViewController.swift */,
				3B140C1D2071DA5D00ED2A67 /* Main.storyboard */,
				3B140C202071DA5D00ED2A67 /* Assets.xcassets */,
				3B140C222071DA5D00ED2A67 /* LaunchScreen.storyboard */,
				3B140C252071DA5D00ED2A67 /* Info.plist */,
			);
			path = "Chain Animation";
			sourceTree = "<group>";
		};
		3B140C2D2071DA5D00ED2A67 /* Chain AnimationTests */ = {
			isa = PBXGroup;
			children = (
				3B140C2E2071DA5D00ED2A67 /* Chain_AnimationTests.swift */,
				3B140C302071DA5D00ED2A67 /* Info.plist */,
			);
			path = "Chain AnimationTests";
			sourceTree = "<group>";
		};
		3B140C382071DA5E00ED2A67 /* Chain AnimationUITests */ = {
			isa = PBXGroup;
			children = (
				3B140C392071DA5E00ED2A67 /* Chain_AnimationUITests.swift */,
				3B140C3B2071DA5E00ED2A67 /* Info.plist */,
			);
			path = "Chain AnimationUITests";
			sourceTree = "<group>";
		};
/* End PBXGroup section */

/* Begin PBXNativeTarget section */
		3B140C152071DA5D00ED2A67 /* Chain Animation */ = {
			isa = PBXNativeTarget;
			buildConfigurationList = 3B140C3E2071DA5E00ED2A67 /* Build configuration list for PBXNativeTarget "Chain Animation" */;
			buildPhases = (
				3B140C122071DA5D00ED2A67 /* Sources */,
				3B140C132071DA5D00ED2A67 /* Frameworks */,
				3B140C142071DA5D00ED2A67 /* Resources */,
			);
			buildRules = (
			);
			dependencies = (
			);
			name = "Chain Animation";
			productName = "Chain Animation";
			productReference = 3B140C162071DA5D00ED2A67 /* Chain Animation.app */;
			productType = "com.apple.product-type.application";
		};
		3B140C292071DA5D00ED2A67 /* Chain AnimationTests */ = {
			isa = PBXNativeTarget;
			buildConfigurationList = 3B140C412071DA5E00ED2A67 /* Build configuration list for PBXNativeTarget "Chain AnimationTests" */;
			buildPhases = (
				3B140C262071DA5D00ED2A67 /* Sources */,
				3B140C272071DA5D00ED2A67 /* Frameworks */,
				3B140C282071DA5D00ED2A67 /* Resources */,
			);
			buildRules = (
			);
			dependencies = (
				3B140C2C2071DA5D00ED2A67 /* PBXTargetDependency */,
			);
			name = "Chain AnimationTests";
			productName = "Chain AnimationTests";
			productReference = 3B140C2A2071DA5D00ED2A67 /* Chain AnimationTests.xctest */;
			productType = "com.apple.product-type.bundle.unit-test";
		};
		3B140C342071DA5D00ED2A67 /* Chain AnimationUITests */ = {
			isa = PBXNativeTarget;
			buildConfigurationList = 3B140C442071DA5E00ED2A67 /* Build configuration list for PBXNativeTarget "Chain AnimationUITests" */;
			buildPhases = (
				3B140C312071DA5D00ED2A67 /* Sources */,
				3B140C322071DA5D00ED2A67 /* Frameworks */,
				3B140C332071DA5D00ED2A67 /* Resources */,
			);
			buildRules = (
			);
			dependencies = (
				3B140C372071DA5D00ED2A67 /* PBXTargetDependency */,
			);
			name = "Chain AnimationUITests";
			productName = "Chain AnimationUITests";
			productReference = 3B140C352071DA5D00ED2A67 /* Chain AnimationUITests.xctest */;
			productType = "com.apple.product-type.bundle.ui-testing";
		};
/* End PBXNativeTarget section */

/* Begin PBXProject section */
		3B140C0E2071DA5D00ED2A67 /* Project object */ = {
			isa = PBXProject;
			attributes = {
				LastSwiftUpdateCheck = 0920;
				LastUpgradeCheck = 0920;
				ORGANIZATIONNAME = "Gbenga Ayobami";
				TargetAttributes = {
					3B140C152071DA5D00ED2A67 = {
						CreatedOnToolsVersion = 9.2;
						ProvisioningStyle = Automatic;
					};
					3B140C292071DA5D00ED2A67 = {
						CreatedOnToolsVersion = 9.2;
						ProvisioningStyle = Automatic;
						TestTargetID = 3B140C152071DA5D00ED2A67;
					};
					3B140C342071DA5D00ED2A67 = {
						CreatedOnToolsVersion = 9.2;
						ProvisioningStyle = Automatic;
						TestTargetID = 3B140C152071DA5D00ED2A67;
					};
				};
			};
			buildConfigurationList = 3B140C112071DA5D00ED2A67 /* Build configuration list for PBXProject "Chain Animation" */;
			compatibilityVersion = "Xcode 8.0";
			developmentRegion = en;
			hasScannedForEncodings = 0;
			knownRegions = (
				en,
				Base,
			);
			mainGroup = 3B140C0D2071DA5D00ED2A67;
			productRefGroup = 3B140C172071DA5D00ED2A67 /* Products */;
			projectDirPath = "";
			projectRoot = "";
			targets = (
				3B140C152071DA5D00ED2A67 /* Chain Animation */,
				3B140C292071DA5D00ED2A67 /* Chain AnimationTests */,
				3B140C342071DA5D00ED2A67 /* Chain AnimationUITests */,
			);
		};
/* End PBXProject section */

/* Begin PBXResourcesBuildPhase section */
		3B140C142071DA5D00ED2A67 /* Resources */ = {
			isa = PBXResourcesBuildPhase;
			buildActionMask = 2147483647;
			files = (
				3B140C242071DA5D00ED2A67 /* LaunchScreen.storyboard in Resources */,
				3B140C212071DA5D00ED2A67 /* Assets.xcassets in Resources */,
				3B140C1F2071DA5D00ED2A67 /* Main.storyboard in Resources */,
			);
			runOnlyForDeploymentPostprocessing = 0;
		};
		3B140C282071DA5D00ED2A67 /* Resources */ = {
			isa = PBXResourcesBuildPhase;
			buildActionMask = 2147483647;
			files = (
			);
			runOnlyForDeploymentPostprocessing = 0;
		};
		3B140C332071DA5D00ED2A67 /* Resources */ = {
			isa = PBXResourcesBuildPhase;
			buildActionMask = 2147483647;
			files = (
			);
			runOnlyForDeploymentPostprocessing = 0;
		};
/* End PBXResourcesBuildPhase section */

/* Begin PBXSourcesBuildPhase section */
		3B140C122071DA5D00ED2A67 /* Sources */ = {
			isa = PBXSourcesBuildPhase;
			buildActionMask = 2147483647;
			files = (
				3B140C1C2071DA5D00ED2A67 /* ViewController.swift in Sources */,
				3B140C1A2071DA5D00ED2A67 /* AppDelegate.swift in Sources */,
			);
			runOnlyForDeploymentPostprocessing = 0;
		};
		3B140C262071DA5D00ED2A67 /* Sources */ = {
			isa = PBXSourcesBuildPhase;
			buildActionMask = 2147483647;
			files = (
				3B140C2F2071DA5D00ED2A67 /* Chain_AnimationTests.swift in Sources */,
			);
			runOnlyForDeploymentPostprocessing = 0;
		};
		3B140C312071DA5D00ED2A67 /* Sources */ = {
			isa = PBXSourcesBuildPhase;
			buildActionMask = 2147483647;
			files = (
				3B140C3A2071DA5E00ED2A67 /* Chain_AnimationUITests.swift in Sources */,
			);
			runOnlyForDeploymentPostprocessing = 0;
		};
/* End PBXSourcesBuildPhase section */

/* Begin PBXTargetDependency section */
		3B140C2C2071DA5D00ED2A67 /* PBXTargetDependency */ = {
			isa = PBXTargetDependency;
			target = 3B140C152071DA5D00ED2A67 /* Chain Animation */;
			targetProxy = 3B140C2B2071DA5D00ED2A67 /* PBXContainerItemProxy */;
		};
		3B140C372071DA5D00ED2A67 /* PBXTargetDependency */ = {
			isa = PBXTargetDependency;
			target = 3B140C152071DA5D00ED2A67 /* Chain Animation */;
			targetProxy = 3B140C362071DA5D00ED2A67 /* PBXContainerItemProxy */;
		};
/* End PBXTargetDependency section */

/* Begin PBXVariantGroup section */
		3B140C1D2071DA5D00ED2A67 /* Main.storyboard */ = {
			isa = PBXVariantGroup;
			children = (
				3B140C1E2071DA5D00ED2A67 /* Base */,
			);
			name = Main.storyboard;
			sourceTree = "<group>";
		};
		3B140C222071DA5D00ED2A67 /* LaunchScreen.storyboard */ = {
			isa = PBXVariantGroup;
			children = (
				3B140C232071DA5D00ED2A67 /* Base */,
			);
			name = LaunchScreen.storyboard;
			sourceTree = "<group>";
		};
/* End PBXVariantGroup section */

/* Begin XCBuildConfiguration section */
		3B140C3C2071DA5E00ED2A67 /* Debug */ = {
			isa = XCBuildConfiguration;
			buildSettings = {
				ALWAYS_SEARCH_USER_PATHS = NO;
				CLANG_ANALYZER_NONNULL = YES;
				CLANG_ANALYZER_NUMBER_OBJECT_CONVERSION = YES_AGGRESSIVE;
				CLANG_CXX_LANGUAGE_STANDARD = "gnu++14";
				CLANG_CXX_LIBRARY = "libc++";
				CLANG_ENABLE_MODULES = YES;
				CLANG_ENABLE_OBJC_ARC = YES;
				CLANG_WARN_BLOCK_CAPTURE_AUTORELEASING = YES;
				CLANG_WARN_BOOL_CONVERSION = YES;
				CLANG_WARN_COMMA = YES;
				CLANG_WARN_CONSTANT_CONVERSION = YES;
				CLANG_WARN_DIRECT_OBJC_ISA_USAGE = YES_ERROR;
				CLANG_WARN_DOCUMENTATION_COMMENTS = YES;
				CLANG_WARN_EMPTY_BODY = YES;
				CLANG_WARN_ENUM_CONVERSION = YES;
				CLANG_WARN_INFINITE_RECURSION = YES;
				CLANG_WARN_INT_CONVERSION = YES;
				CLANG_WARN_NON_LITERAL_NULL_CONVERSION = YES;
				CLANG_WARN_OBJC_LITERAL_CONVERSION = YES;
				CLANG_WARN_OBJC_ROOT_CLASS = YES_ERROR;
				CLANG_WARN_RANGE_LOOP_ANALYSIS = YES;
				CLANG_WARN_STRICT_PROTOTYPES = YES;
				CLANG_WARN_SUSPICIOUS_MOVE = YES;
				CLANG_WARN_UNGUARDED_AVAILABILITY = YES_AGGRESSIVE;
				CLANG_WARN_UNREACHABLE_CODE = YES;
				CLANG_WARN__DUPLICATE_METHOD_MATCH = YES;
				CODE_SIGN_IDENTITY = "iPhone Developer";
				COPY_PHASE_STRIP = NO;
				DEBUG_INFORMATION_FORMAT = dwarf;
				ENABLE_STRICT_OBJC_MSGSEND = YES;
				ENABLE_TESTABILITY = YES;
				GCC_C_LANGUAGE_STANDARD = gnu11;
				GCC_DYNAMIC_NO_PIC = NO;
				GCC_NO_COMMON_BLOCKS = YES;
				GCC_OPTIMIZATION_LEVEL = 0;
				GCC_PREPROCESSOR_DEFINITIONS = (
					"DEBUG=1",
					"$(inherited)",
				);
				GCC_WARN_64_TO_32_BIT_CONVERSION = YES;
				GCC_WARN_ABOUT_RETURN_TYPE = YES_ERROR;
				GCC_WARN_UNDECLARED_SELECTOR = YES;
				GCC_WARN_UNINITIALIZED_AUTOS = YES_AGGRESSIVE;
				GCC_WARN_UNUSED_FUNCTION = YES;
				GCC_WARN_UNUSED_VARIABLE = YES;
				IPHONEOS_DEPLOYMENT_TARGET = 11.2;
				MTL_ENABLE_DEBUG_INFO = YES;
				ONLY_ACTIVE_ARCH = YES;
				SDKROOT = iphoneos;
				SWIFT_ACTIVE_COMPILATION_CONDITIONS = DEBUG;
				SWIFT_OPTIMIZATION_LEVEL = "-Onone";
			};
			name = Debug;
		};
		3B140C3D2071DA5E00ED2A67 /* Release */ = {
			isa = XCBuildConfiguration;
			buildSettings = {
				ALWAYS_SEARCH_USER_PATHS = NO;
				CLANG_ANALYZER_NONNULL = YES;
				CLANG_ANALYZER_NUMBER_OBJECT_CONVERSION = YES_AGGRESSIVE;
				CLANG_CXX_LANGUAGE_STANDARD = "gnu++14";
				CLANG_CXX_LIBRARY = "libc++";
				CLANG_ENABLE_MODULES = YES;
				CLANG_ENABLE_OBJC_ARC = YES;
				CLANG_WARN_BLOCK_CAPTURE_AUTORELEASING = YES;
				CLANG_WARN_BOOL_CONVERSION = YES;
				CLANG_WARN_COMMA = YES;
				CLANG_WARN_CONSTANT_CONVERSION = YES;
				CLANG_WARN_DIRECT_OBJC_ISA_USAGE = YES_ERROR;
				CLANG_WARN_DOCUMENTATION_COMMENTS = YES;
				CLANG_WARN_EMPTY_BODY = YES;
				CLANG_WARN_ENUM_CONVERSION = YES;
				CLANG_WARN_INFINITE_RECURSION = YES;
				CLANG_WARN_INT_CONVERSION = YES;
				CLANG_WARN_NON_LITERAL_NULL_CONVERSION = YES;
				CLANG_WARN_OBJC_LITERAL_CONVERSION = YES;
				CLANG_WARN_OBJC_ROOT_CLASS = YES_ERROR;
				CLANG_WARN_RANGE_LOOP_ANALYSIS = YES;
				CLANG_WARN_STRICT_PROTOTYPES = YES;
				CLANG_WARN_SUSPICIOUS_MOVE = YES;
				CLANG_WARN_UNGUARDED_AVAILABILITY = YES_AGGRESSIVE;
				CLANG_WARN_UNREACHABLE_CODE = YES;
				CLANG_WARN__DUPLICATE_METHOD_MATCH = YES;
				CODE_SIGN_IDENTITY = "iPhone Developer";
				COPY_PHASE_STRIP = NO;
				DEBUG_INFORMATION_FORMAT = "dwarf-with-dsym";
				ENABLE_NS_ASSERTIONS = NO;
				ENABLE_STRICT_OBJC_MSGSEND = YES;
				GCC_C_LANGUAGE_STANDARD = gnu11;
				GCC_NO_COMMON_BLOCKS = YES;
				GCC_WARN_64_TO_32_BIT_CONVERSION = YES;
				GCC_WARN_ABOUT_RETURN_TYPE = YES_ERROR;
				GCC_WARN_UNDECLARED_SELECTOR = YES;
				GCC_WARN_UNINITIALIZED_AUTOS = YES_AGGRESSIVE;
				GCC_WARN_UNUSED_FUNCTION = YES;
				GCC_WARN_UNUSED_VARIABLE = YES;
				IPHONEOS_DEPLOYMENT_TARGET = 11.2;
				MTL_ENABLE_DEBUG_INFO = NO;
				SDKROOT = iphoneos;
				SWIFT_OPTIMIZATION_LEVEL = "-Owholemodule";
				VALIDATE_PRODUCT = YES;
			};
			name = Release;
		};
		3B140C3F2071DA5E00ED2A67 /* Debug */ = {
			isa = XCBuildConfiguration;
			buildSettings = {
				ASSETCATALOG_COMPILER_APPICON_NAME = AppIcon;
				CODE_SIGN_STYLE = Automatic;
				DEVELOPMENT_TEAM = U9UH323WC7;
				INFOPLIST_FILE = "Chain Animation/Info.plist";
				LD_RUNPATH_SEARCH_PATHS = "$(inherited) @executable_path/Frameworks";
				PRODUCT_BUNDLE_IDENTIFIER = "com.gbengaoyeee.Chain-Animation";
				PRODUCT_NAME = "$(TARGET_NAME)";
				SWIFT_VERSION = 4.0;
				TARGETED_DEVICE_FAMILY = "1,2";
			};
			name = Debug;
		};
		3B140C402071DA5E00ED2A67 /* Release */ = {
			isa = XCBuildConfiguration;
			buildSettings = {
				ASSETCATALOG_COMPILER_APPICON_NAME = AppIcon;
				CODE_SIGN_STYLE = Automatic;
				DEVELOPMENT_TEAM = U9UH323WC7;
				INFOPLIST_FILE = "Chain Animation/Info.plist";
				LD_RUNPATH_SEARCH_PATHS = "$(inherited) @executable_path/Frameworks";
				PRODUCT_BUNDLE_IDENTIFIER = "com.gbengaoyeee.Chain-Animation";
				PRODUCT_NAME = "$(TARGET_NAME)";
				SWIFT_VERSION = 4.0;
				TARGETED_DEVICE_FAMILY = "1,2";
			};
			name = Release;
		};
		3B140C422071DA5E00ED2A67 /* Debug */ = {
			isa = XCBuildConfiguration;
			buildSettings = {
				ALWAYS_EMBED_SWIFT_STANDARD_LIBRARIES = YES;
				BUNDLE_LOADER = "$(TEST_HOST)";
				CODE_SIGN_STYLE = Automatic;
				DEVELOPMENT_TEAM = U9UH323WC7;
				INFOPLIST_FILE = "Chain AnimationTests/Info.plist";
				LD_RUNPATH_SEARCH_PATHS = "$(inherited) @executable_path/Frameworks @loader_path/Frameworks";
				PRODUCT_BUNDLE_IDENTIFIER = "com.gbengaoyeee.Chain-AnimationTests";
				PRODUCT_NAME = "$(TARGET_NAME)";
				SWIFT_VERSION = 4.0;
				TARGETED_DEVICE_FAMILY = "1,2";
				TEST_HOST = "$(BUILT_PRODUCTS_DIR)/Chain Animation.app/Chain Animation";
			};
			name = Debug;
		};
		3B140C432071DA5E00ED2A67 /* Release */ = {
			isa = XCBuildConfiguration;
			buildSettings = {
				ALWAYS_EMBED_SWIFT_STANDARD_LIBRARIES = YES;
				BUNDLE_LOADER = "$(TEST_HOST)";
				CODE_SIGN_STYLE = Automatic;
				DEVELOPMENT_TEAM = U9UH323WC7;
				INFOPLIST_FILE = "Chain AnimationTests/Info.plist";
				LD_RUNPATH_SEARCH_PATHS = "$(inherited) @executable_path/Frameworks @loader_path/Frameworks";
				PRODUCT_BUNDLE_IDENTIFIER = "com.gbengaoyeee.Chain-AnimationTests";
				PRODUCT_NAME = "$(TARGET_NAME)";
				SWIFT_VERSION = 4.0;
				TARGETED_DEVICE_FAMILY = "1,2";
				TEST_HOST = "$(BUILT_PRODUCTS_DIR)/Chain Animation.app/Chain Animation";
			};
			name = Release;
		};
		3B140C452071DA5E00ED2A67 /* Debug */ = {
			isa = XCBuildConfiguration;
			buildSettings = {
				ALWAYS_EMBED_SWIFT_STANDARD_LIBRARIES = YES;
				CODE_SIGN_STYLE = Automatic;
				DEVELOPMENT_TEAM = U9UH323WC7;
				INFOPLIST_FILE = "Chain AnimationUITests/Info.plist";
				LD_RUNPATH_SEARCH_PATHS = "$(inherited) @executable_path/Frameworks @loader_path/Frameworks";
				PRODUCT_BUNDLE_IDENTIFIER = "com.gbengaoyeee.Chain-AnimationUITests";
				PRODUCT_NAME = "$(TARGET_NAME)";
				SWIFT_VERSION = 4.0;
				TARGETED_DEVICE_FAMILY = "1,2";
				TEST_TARGET_NAME = "Chain Animation";
			};
			name = Debug;
		};
		3B140C462071DA5E00ED2A67 /* Release */ = {
			isa = XCBuildConfiguration;
			buildSettings = {
				ALWAYS_EMBED_SWIFT_STANDARD_LIBRARIES = YES;
				CODE_SIGN_STYLE = Automatic;
				DEVELOPMENT_TEAM = U9UH323WC7;
				INFOPLIST_FILE = "Chain AnimationUITests/Info.plist";
				LD_RUNPATH_SEARCH_PATHS = "$(inherited) @executable_path/Frameworks @loader_path/Frameworks";
				PRODUCT_BUNDLE_IDENTIFIER = "com.gbengaoyeee.Chain-AnimationUITests";
				PRODUCT_NAME = "$(TARGET_NAME)";
				SWIFT_VERSION = 4.0;
				TARGETED_DEVICE_FAMILY = "1,2";
				TEST_TARGET_NAME = "Chain Animation";
			};
			name = Release;
		};
/* End XCBuildConfiguration section */

/* Begin XCConfigurationList section */
		3B140C112071DA5D00ED2A67 /* Build configuration list for PBXProject "Chain Animation" */ = {
			isa = XCConfigurationList;
			buildConfigurations = (
				3B140C3C2071DA5E00ED2A67 /* Debug */,
				3B140C3D2071DA5E00ED2A67 /* Release */,
			);
			defaultConfigurationIsVisible = 0;
			defaultConfigurationName = Release;
		};
		3B140C3E2071DA5E00ED2A67 /* Build configuration list for PBXNativeTarget "Chain Animation" */ = {
			isa = XCConfigurationList;
			buildConfigurations = (
				3B140C3F2071DA5E00ED2A67 /* Debug */,
				3B140C402071DA5E00ED2A67 /* Release */,
			);
			defaultConfigurationIsVisible = 0;
			defaultConfigurationName = Release;
		};
		3B140C412071DA5E00ED2A67 /* Build configuration list for PBXNativeTarget "Chain AnimationTests" */ = {
			isa = XCConfigurationList;
			buildConfigurations = (
				3B140C422071DA5E00ED2A67 /* Debug */,
				3B140C432071DA5E00ED2A67 /* Release */,
			);
			defaultConfigurationIsVisible = 0;
			defaultConfigurationName = Release;
		};
		3B140C442071DA5E00ED2A67 /* Build configuration list for PBXNativeTarget "Chain AnimationUITests" */ = {
			isa = XCConfigurationList;
			buildConfigurations = (
				3B140C452071DA5E00ED2A67 /* Debug */,
				3B140C462071DA5E00ED2A67 /* Release */,
			);
			defaultConfigurationIsVisible = 0;
			defaultConfigurationName = Release;
		};
/* End XCConfigurationList section */
	};
	rootObject = 3B140C0E2071DA5D00ED2A67 /* Project object */;
}
